// !$*UTF8*$!
{
	archiveVersion = 1;
	classes = {
	};
	objectVersion = 56;
	objects = {

/* Begin PBXBuildFile section */
		664E406C2C36DB630037110D /* Swinject in Frameworks */ = {isa = PBXBuildFile; productRef = 664E406B2C36DB630037110D /* Swinject */; };
		664E406E2C36DB630037110D /* Swinject-Dynamic in Frameworks */ = {isa = PBXBuildFile; productRef = 664E406D2C36DB630037110D /* Swinject-Dynamic */; };
		664E40702C36DB980037110D /* AppAssembly.swift in Sources */ = {isa = PBXBuildFile; fileRef = 664E406F2C36DB980037110D /* AppAssembly.swift */; };
		6654F11B2C4FBA7A008562A3 /* VoxelContacts in Frameworks */ = {isa = PBXBuildFile; productRef = 6654F11A2C4FBA7A008562A3 /* VoxelContacts */; };
		6655E1C12C305B7B00348862 /* VoxelSettings in Frameworks */ = {isa = PBXBuildFile; productRef = 6655E1C02C305B7B00348862 /* VoxelSettings */; };
		665665CF2C3003A4006FB1EA /* VoxelCore in Frameworks */ = {isa = PBXBuildFile; productRef = 665665CE2C3003A4006FB1EA /* VoxelCore */; };
		665665D12C300750006FB1EA /* TabBarController.swift in Sources */ = {isa = PBXBuildFile; fileRef = 665665D02C300750006FB1EA /* TabBarController.swift */; };
		665665D32C300965006FB1EA /* Tab.swift in Sources */ = {isa = PBXBuildFile; fileRef = 665665D22C300965006FB1EA /* Tab.swift */; };
		665D52B62C47E46E0048754B /* AppCoordinator.swift in Sources */ = {isa = PBXBuildFile; fileRef = 665D52B52C47E46E0048754B /* AppCoordinator.swift */; };
		669150352C257C31002061CA /* AppDelegate.swift in Sources */ = {isa = PBXBuildFile; fileRef = 669150342C257C31002061CA /* AppDelegate.swift */; };
		669150372C257C31002061CA /* SceneDelegate.swift in Sources */ = {isa = PBXBuildFile; fileRef = 669150362C257C31002061CA /* SceneDelegate.swift */; };
		6691503E2C257C33002061CA /* Assets.xcassets in Resources */ = {isa = PBXBuildFile; fileRef = 6691503D2C257C33002061CA /* Assets.xcassets */; };
		669150412C257C33002061CA /* Base in Resources */ = {isa = PBXBuildFile; fileRef = 669150402C257C33002061CA /* Base */; };
		6691504B2C25878B002061CA /* VoxelLogin in Frameworks */ = {isa = PBXBuildFile; productRef = 6691504A2C25878B002061CA /* VoxelLogin */; };
		6691504F2C259C82002061CA /* IBMPlexSerif-Bold.ttf in Resources */ = {isa = PBXBuildFile; fileRef = 6691504E2C259C82002061CA /* IBMPlexSerif-Bold.ttf */; };
		669150532C25A0AF002061CA /* IBMPlexSans-Regular.ttf in Resources */ = {isa = PBXBuildFile; fileRef = 669150522C25A0AF002061CA /* IBMPlexSans-Regular.ttf */; };
		669150552C25AE6F002061CA /* IBMPlexSans-SemiBold.ttf in Resources */ = {isa = PBXBuildFile; fileRef = 669150542C25AE6F002061CA /* IBMPlexSans-SemiBold.ttf */; };
		669150572C25D625002061CA /* DesignSystem in Frameworks */ = {isa = PBXBuildFile; productRef = 669150562C25D625002061CA /* DesignSystem */; };
		669150592C25D93C002061CA /* IBMPlexSans-Bold.ttf in Resources */ = {isa = PBXBuildFile; fileRef = 669150582C25D93C002061CA /* IBMPlexSans-Bold.ttf */; };
		6691505E2C26CA85002061CA /* FirebaseAuth in Frameworks */ = {isa = PBXBuildFile; productRef = 6691505D2C26CA85002061CA /* FirebaseAuth */; };
		66B554C82C49549A007ED570 /* AppCoordinatorTests.swift in Sources */ = {isa = PBXBuildFile; fileRef = 66B554C72C49549A007ED570 /* AppCoordinatorTests.swift */; };
		66B554D02C4957E4007ED570 /* AuthServiceMock.swift in Sources */ = {isa = PBXBuildFile; fileRef = 66B554CF2C4957E4007ED570 /* AuthServiceMock.swift */; };
		AE30D6F52C7E05B2008F3B0C /* GoogleService-Info.plist in Resources */ = {isa = PBXBuildFile; fileRef = AE30D6F42C7E05B2008F3B0C /* GoogleService-Info.plist */; };
		AEC7CEC62C72565900F0E5B6 /* Swinject in Frameworks */ = {isa = PBXBuildFile; productRef = AEC7CEC52C72565900F0E5B6 /* Swinject */; };
/* End PBXBuildFile section */

/* Begin PBXContainerItemProxy section */
		66B554C92C49549A007ED570 /* PBXContainerItemProxy */ = {
			isa = PBXContainerItemProxy;
			containerPortal = 669150292C257C31002061CA /* Project object */;
			proxyType = 1;
			remoteGlobalIDString = 669150302C257C31002061CA;
			remoteInfo = Voxel;
		};
/* End PBXContainerItemProxy section */

/* Begin PBXFileReference section */
		664E406F2C36DB980037110D /* AppAssembly.swift */ = {isa = PBXFileReference; lastKnownFileType = sourcecode.swift; path = AppAssembly.swift; sourceTree = "<group>"; };
		665665D02C300750006FB1EA /* TabBarController.swift */ = {isa = PBXFileReference; lastKnownFileType = sourcecode.swift; path = TabBarController.swift; sourceTree = "<group>"; };
		665665D22C300965006FB1EA /* Tab.swift */ = {isa = PBXFileReference; lastKnownFileType = sourcecode.swift; path = Tab.swift; sourceTree = "<group>"; };
		665D52B52C47E46E0048754B /* AppCoordinator.swift */ = {isa = PBXFileReference; lastKnownFileType = sourcecode.swift; path = AppCoordinator.swift; sourceTree = "<group>"; };
		669150312C257C31002061CA /* Voxel.app */ = {isa = PBXFileReference; explicitFileType = wrapper.application; includeInIndex = 0; path = Voxel.app; sourceTree = BUILT_PRODUCTS_DIR; };
		669150342C257C31002061CA /* AppDelegate.swift */ = {isa = PBXFileReference; lastKnownFileType = sourcecode.swift; path = AppDelegate.swift; sourceTree = "<group>"; };
		669150362C257C31002061CA /* SceneDelegate.swift */ = {isa = PBXFileReference; lastKnownFileType = sourcecode.swift; path = SceneDelegate.swift; sourceTree = "<group>"; };
		6691503D2C257C33002061CA /* Assets.xcassets */ = {isa = PBXFileReference; lastKnownFileType = folder.assetcatalog; path = Assets.xcassets; sourceTree = "<group>"; };
		669150402C257C33002061CA /* Base */ = {isa = PBXFileReference; lastKnownFileType = file.storyboard; name = Base; path = Base.lproj/LaunchScreen.storyboard; sourceTree = "<group>"; };
		669150422C257C33002061CA /* Info.plist */ = {isa = PBXFileReference; lastKnownFileType = text.plist.xml; path = Info.plist; sourceTree = "<group>"; };
		669150482C257CD8002061CA /* Modules */ = {isa = PBXFileReference; lastKnownFileType = wrapper; path = Modules; sourceTree = "<group>"; };
		6691504E2C259C82002061CA /* IBMPlexSerif-Bold.ttf */ = {isa = PBXFileReference; lastKnownFileType = file; path = "IBMPlexSerif-Bold.ttf"; sourceTree = "<group>"; };
		669150522C25A0AF002061CA /* IBMPlexSans-Regular.ttf */ = {isa = PBXFileReference; lastKnownFileType = file; path = "IBMPlexSans-Regular.ttf"; sourceTree = "<group>"; };
		669150542C25AE6F002061CA /* IBMPlexSans-SemiBold.ttf */ = {isa = PBXFileReference; lastKnownFileType = file; path = "IBMPlexSans-SemiBold.ttf"; sourceTree = "<group>"; };
		669150582C25D93C002061CA /* IBMPlexSans-Bold.ttf */ = {isa = PBXFileReference; lastKnownFileType = file; path = "IBMPlexSans-Bold.ttf"; sourceTree = "<group>"; };
		66B554C52C49549A007ED570 /* VoxelTests.xctest */ = {isa = PBXFileReference; explicitFileType = wrapper.cfbundle; includeInIndex = 0; path = VoxelTests.xctest; sourceTree = BUILT_PRODUCTS_DIR; };
		66B554C72C49549A007ED570 /* AppCoordinatorTests.swift */ = {isa = PBXFileReference; lastKnownFileType = sourcecode.swift; path = AppCoordinatorTests.swift; sourceTree = "<group>"; };
		66B554CF2C4957E4007ED570 /* AuthServiceMock.swift */ = {isa = PBXFileReference; lastKnownFileType = sourcecode.swift; path = AuthServiceMock.swift; sourceTree = "<group>"; };
		66B554D12C495949007ED570 /* Voxel.xctestplan */ = {isa = PBXFileReference; lastKnownFileType = text; path = Voxel.xctestplan; sourceTree = SOURCE_ROOT; };
		AE30D6F42C7E05B2008F3B0C /* GoogleService-Info.plist */ = {isa = PBXFileReference; fileEncoding = 4; lastKnownFileType = text.plist.xml; name = "GoogleService-Info.plist"; path = "../../../../Downloads/GoogleService-Info.plist"; sourceTree = "<group>"; };
/* End PBXFileReference section */

/* Begin PBXFrameworksBuildPhase section */
		6691502E2C257C31002061CA /* Frameworks */ = {
			isa = PBXFrameworksBuildPhase;
			buildActionMask = 2147483647;
			files = (
				665665CF2C3003A4006FB1EA /* VoxelCore in Frameworks */,
				664E406E2C36DB630037110D /* Swinject-Dynamic in Frameworks */,
				6654F11B2C4FBA7A008562A3 /* VoxelContacts in Frameworks */,
				6655E1C12C305B7B00348862 /* VoxelSettings in Frameworks */,
				6691504B2C25878B002061CA /* VoxelLogin in Frameworks */,
				6691505E2C26CA85002061CA /* FirebaseAuth in Frameworks */,
				669150572C25D625002061CA /* DesignSystem in Frameworks */,
				664E406C2C36DB630037110D /* Swinject in Frameworks */,
			);
			runOnlyForDeploymentPostprocessing = 0;
		};
		66B554C22C49549A007ED570 /* Frameworks */ = {
			isa = PBXFrameworksBuildPhase;
			buildActionMask = 2147483647;
			files = (
				AEC7CEC62C72565900F0E5B6 /* Swinject in Frameworks */,
			);
			runOnlyForDeploymentPostprocessing = 0;
		};
/* End PBXFrameworksBuildPhase section */

/* Begin PBXGroup section */
		665665D42C30096E006FB1EA /* Tab */ = {
			isa = PBXGroup;
			children = (
				665665D02C300750006FB1EA /* TabBarController.swift */,
				665665D22C300965006FB1EA /* Tab.swift */,
			);
			path = Tab;
			sourceTree = "<group>";
		};
		669150282C257C31002061CA = {
			isa = PBXGroup;
			children = (
				669150482C257CD8002061CA /* Modules */,
				669150332C257C31002061CA /* Voxel */,
				66B554C62C49549A007ED570 /* VoxelTests */,
				669150322C257C31002061CA /* Products */,
				669150492C25878B002061CA /* Frameworks */,
			);
			sourceTree = "<group>";
		};
		669150322C257C31002061CA /* Products */ = {
			isa = PBXGroup;
			children = (
				669150312C257C31002061CA /* Voxel.app */,
				66B554C52C49549A007ED570 /* VoxelTests.xctest */,
			);
			name = Products;
			sourceTree = "<group>";
		};
		669150332C257C31002061CA /* Voxel */ = {
			isa = PBXGroup;
			children = (
				665665D42C30096E006FB1EA /* Tab */,
				6691504C2C259C0F002061CA /* Resources */,
				669150342C257C31002061CA /* AppDelegate.swift */,
				669150362C257C31002061CA /* SceneDelegate.swift */,
				6691503F2C257C33002061CA /* LaunchScreen.storyboard */,
				669150422C257C33002061CA /* Info.plist */,
				AE30D6F42C7E05B2008F3B0C /* GoogleService-Info.plist */,
				664E406F2C36DB980037110D /* AppAssembly.swift */,
				665D52B52C47E46E0048754B /* AppCoordinator.swift */,
			);
			path = Voxel;
			sourceTree = "<group>";
		};
		669150492C25878B002061CA /* Frameworks */ = {
			isa = PBXGroup;
			children = (
			);
			name = Frameworks;
			sourceTree = "<group>";
		};
		6691504C2C259C0F002061CA /* Resources */ = {
			isa = PBXGroup;
			children = (
				6691504D2C259C1B002061CA /* Fonts */,
				6691503D2C257C33002061CA /* Assets.xcassets */,
			);
			path = Resources;
			sourceTree = "<group>";
		};
		6691504D2C259C1B002061CA /* Fonts */ = {
			isa = PBXGroup;
			children = (
				669150542C25AE6F002061CA /* IBMPlexSans-SemiBold.ttf */,
				669150582C25D93C002061CA /* IBMPlexSans-Bold.ttf */,
				669150522C25A0AF002061CA /* IBMPlexSans-Regular.ttf */,
				6691504E2C259C82002061CA /* IBMPlexSerif-Bold.ttf */,
			);
			path = Fonts;
			sourceTree = "<group>";
		};
		66B554C62C49549A007ED570 /* VoxelTests */ = {
			isa = PBXGroup;
			children = (
				66B554CE2C4957DD007ED570 /* Mocks */,
				66B554C72C49549A007ED570 /* AppCoordinatorTests.swift */,
				66B554D12C495949007ED570 /* Voxel.xctestplan */,
			);
			path = VoxelTests;
			sourceTree = "<group>";
		};
		66B554CE2C4957DD007ED570 /* Mocks */ = {
			isa = PBXGroup;
			children = (
				66B554CF2C4957E4007ED570 /* AuthServiceMock.swift */,
			);
			path = Mocks;
			sourceTree = "<group>";
		};
/* End PBXGroup section */

/* Begin PBXNativeTarget section */
		669150302C257C31002061CA /* Voxel */ = {
			isa = PBXNativeTarget;
			buildConfigurationList = 669150452C257C33002061CA /* Build configuration list for PBXNativeTarget "Voxel" */;
			buildPhases = (
				6691502D2C257C31002061CA /* Sources */,
				6691502E2C257C31002061CA /* Frameworks */,
				6691502F2C257C31002061CA /* Resources */,
			);
			buildRules = (
			);
			dependencies = (
			);
			name = Voxel;
			packageProductDependencies = (
				6691504A2C25878B002061CA /* VoxelLogin */,
				669150562C25D625002061CA /* DesignSystem */,
				6691505D2C26CA85002061CA /* FirebaseAuth */,
				665665CE2C3003A4006FB1EA /* VoxelCore */,
				6655E1C02C305B7B00348862 /* VoxelSettings */,
				664E406B2C36DB630037110D /* Swinject */,
				664E406D2C36DB630037110D /* Swinject-Dynamic */,
				6654F11A2C4FBA7A008562A3 /* VoxelContacts */,
			);
			productName = Voxel;
			productReference = 669150312C257C31002061CA /* Voxel.app */;
			productType = "com.apple.product-type.application";
		};
		66B554C42C49549A007ED570 /* VoxelTests */ = {
			isa = PBXNativeTarget;
			buildConfigurationList = 66B554CD2C49549A007ED570 /* Build configuration list for PBXNativeTarget "VoxelTests" */;
			buildPhases = (
				66B554C12C49549A007ED570 /* Sources */,
				66B554C22C49549A007ED570 /* Frameworks */,
				66B554C32C49549A007ED570 /* Resources */,
			);
			buildRules = (
			);
			dependencies = (
				66B554CA2C49549A007ED570 /* PBXTargetDependency */,
			);
			name = VoxelTests;
			packageProductDependencies = (
				AEC7CEC52C72565900F0E5B6 /* Swinject */,
			);
			productName = VoxelTests;
			productReference = 66B554C52C49549A007ED570 /* VoxelTests.xctest */;
			productType = "com.apple.product-type.bundle.unit-test";
		};
/* End PBXNativeTarget section */

/* Begin PBXProject section */
		669150292C257C31002061CA /* Project object */ = {
			isa = PBXProject;
			attributes = {
				BuildIndependentTargetsInParallel = 1;
				LastSwiftUpdateCheck = 1530;
				LastUpgradeCheck = 1530;
				TargetAttributes = {
					669150302C257C31002061CA = {
						CreatedOnToolsVersion = 15.3;
					};
					66B554C42C49549A007ED570 = {
						CreatedOnToolsVersion = 15.3;
						TestTargetID = 669150302C257C31002061CA;
					};
				};
			};
			buildConfigurationList = 6691502C2C257C31002061CA /* Build configuration list for PBXProject "Voxel" */;
			compatibilityVersion = "Xcode 14.0";
			developmentRegion = en;
			hasScannedForEncodings = 0;
			knownRegions = (
				en,
				Base,
			);
			mainGroup = 669150282C257C31002061CA;
			packageReferences = (
				6691505C2C26C8CE002061CA /* XCRemoteSwiftPackageReference "firebase-ios-sdk" */,
				664E406A2C36DB630037110D /* XCRemoteSwiftPackageReference "Swinject" */,
			);
			productRefGroup = 669150322C257C31002061CA /* Products */;
			projectDirPath = "";
			projectRoot = "";
			targets = (
				669150302C257C31002061CA /* Voxel */,
				66B554C42C49549A007ED570 /* VoxelTests */,
			);
		};
/* End PBXProject section */

/* Begin PBXResourcesBuildPhase section */
		6691502F2C257C31002061CA /* Resources */ = {
			isa = PBXResourcesBuildPhase;
			buildActionMask = 2147483647;
			files = (
				6691503E2C257C33002061CA /* Assets.xcassets in Resources */,
				669150532C25A0AF002061CA /* IBMPlexSans-Regular.ttf in Resources */,
				669150592C25D93C002061CA /* IBMPlexSans-Bold.ttf in Resources */,
				669150552C25AE6F002061CA /* IBMPlexSans-SemiBold.ttf in Resources */,
				6691504F2C259C82002061CA /* IBMPlexSerif-Bold.ttf in Resources */,
				669150412C257C33002061CA /* Base in Resources */,
				AE30D6F52C7E05B2008F3B0C /* GoogleService-Info.plist in Resources */,
			);
			runOnlyForDeploymentPostprocessing = 0;
		};
		66B554C32C49549A007ED570 /* Resources */ = {
			isa = PBXResourcesBuildPhase;
			buildActionMask = 2147483647;
			files = (
			);
			runOnlyForDeploymentPostprocessing = 0;
		};
/* End PBXResourcesBuildPhase section */

/* Begin PBXSourcesBuildPhase section */
		6691502D2C257C31002061CA /* Sources */ = {
			isa = PBXSourcesBuildPhase;
			buildActionMask = 2147483647;
			files = (
				665665D12C300750006FB1EA /* TabBarController.swift in Sources */,
				669150352C257C31002061CA /* AppDelegate.swift in Sources */,
				664E40702C36DB980037110D /* AppAssembly.swift in Sources */,
				669150372C257C31002061CA /* SceneDelegate.swift in Sources */,
				665665D32C300965006FB1EA /* Tab.swift in Sources */,
				665D52B62C47E46E0048754B /* AppCoordinator.swift in Sources */,
			);
			runOnlyForDeploymentPostprocessing = 0;
		};
		66B554C12C49549A007ED570 /* Sources */ = {
			isa = PBXSourcesBuildPhase;
			buildActionMask = 2147483647;
			files = (
				66B554C82C49549A007ED570 /* AppCoordinatorTests.swift in Sources */,
				66B554D02C4957E4007ED570 /* AuthServiceMock.swift in Sources */,
			);
			runOnlyForDeploymentPostprocessing = 0;
		};
/* End PBXSourcesBuildPhase section */

/* Begin PBXTargetDependency section */
		66B554CA2C49549A007ED570 /* PBXTargetDependency */ = {
			isa = PBXTargetDependency;
			target = 669150302C257C31002061CA /* Voxel */;
			targetProxy = 66B554C92C49549A007ED570 /* PBXContainerItemProxy */;
		};
/* End PBXTargetDependency section */

/* Begin PBXVariantGroup section */
		6691503F2C257C33002061CA /* LaunchScreen.storyboard */ = {
			isa = PBXVariantGroup;
			children = (
				669150402C257C33002061CA /* Base */,
			);
			name = LaunchScreen.storyboard;
			sourceTree = "<group>";
		};
/* End PBXVariantGroup section */

/* Begin XCBuildConfiguration section */
		669150432C257C33002061CA /* Debug */ = {
			isa = XCBuildConfiguration;
			buildSettings = {
				ALWAYS_SEARCH_USER_PATHS = NO;
				ASSETCATALOG_COMPILER_GENERATE_SWIFT_ASSET_SYMBOL_EXTENSIONS = YES;
				CLANG_ANALYZER_NONNULL = YES;
				CLANG_ANALYZER_NUMBER_OBJECT_CONVERSION = YES_AGGRESSIVE;
				CLANG_CXX_LANGUAGE_STANDARD = "gnu++20";
				CLANG_ENABLE_MODULES = YES;
				CLANG_ENABLE_OBJC_ARC = YES;
				CLANG_ENABLE_OBJC_WEAK = YES;
				CLANG_WARN_BLOCK_CAPTURE_AUTORELEASING = YES;
				CLANG_WARN_BOOL_CONVERSION = YES;
				CLANG_WARN_COMMA = YES;
				CLANG_WARN_CONSTANT_CONVERSION = YES;
				CLANG_WARN_DEPRECATED_OBJC_IMPLEMENTATIONS = YES;
				CLANG_WARN_DIRECT_OBJC_ISA_USAGE = YES_ERROR;
				CLANG_WARN_DOCUMENTATION_COMMENTS = YES;
				CLANG_WARN_EMPTY_BODY = YES;
				CLANG_WARN_ENUM_CONVERSION = YES;
				CLANG_WARN_INFINITE_RECURSION = YES;
				CLANG_WARN_INT_CONVERSION = YES;
				CLANG_WARN_NON_LITERAL_NULL_CONVERSION = YES;
				CLANG_WARN_OBJC_IMPLICIT_RETAIN_SELF = YES;
				CLANG_WARN_OBJC_LITERAL_CONVERSION = YES;
				CLANG_WARN_OBJC_ROOT_CLASS = YES_ERROR;
				CLANG_WARN_QUOTED_INCLUDE_IN_FRAMEWORK_HEADER = YES;
				CLANG_WARN_RANGE_LOOP_ANALYSIS = YES;
				CLANG_WARN_STRICT_PROTOTYPES = YES;
				CLANG_WARN_SUSPICIOUS_MOVE = YES;
				CLANG_WARN_UNGUARDED_AVAILABILITY = YES_AGGRESSIVE;
				CLANG_WARN_UNREACHABLE_CODE = YES;
				CLANG_WARN__DUPLICATE_METHOD_MATCH = YES;
				COPY_PHASE_STRIP = NO;
				DEBUG_INFORMATION_FORMAT = dwarf;
				ENABLE_STRICT_OBJC_MSGSEND = YES;
				ENABLE_TESTABILITY = YES;
				ENABLE_USER_SCRIPT_SANDBOXING = YES;
				GCC_C_LANGUAGE_STANDARD = gnu17;
				GCC_DYNAMIC_NO_PIC = NO;
				GCC_NO_COMMON_BLOCKS = YES;
				GCC_OPTIMIZATION_LEVEL = 0;
				GCC_PREPROCESSOR_DEFINITIONS = (
					"DEBUG=1",
					"$(inherited)",
				);
				GCC_WARN_64_TO_32_BIT_CONVERSION = YES;
				GCC_WARN_ABOUT_RETURN_TYPE = YES_ERROR;
				GCC_WARN_UNDECLARED_SELECTOR = YES;
				GCC_WARN_UNINITIALIZED_AUTOS = YES_AGGRESSIVE;
				GCC_WARN_UNUSED_FUNCTION = YES;
				GCC_WARN_UNUSED_VARIABLE = YES;
				IPHONEOS_DEPLOYMENT_TARGET = 17.4;
				LOCALIZATION_PREFERS_STRING_CATALOGS = YES;
				MTL_ENABLE_DEBUG_INFO = INCLUDE_SOURCE;
				MTL_FAST_MATH = YES;
				ONLY_ACTIVE_ARCH = YES;
				SDKROOT = iphoneos;
				SWIFT_ACTIVE_COMPILATION_CONDITIONS = "DEBUG $(inherited)";
				SWIFT_OPTIMIZATION_LEVEL = "-Onone";
			};
			name = Debug;
		};
		669150442C257C33002061CA /* Release */ = {
			isa = XCBuildConfiguration;
			buildSettings = {
				ALWAYS_SEARCH_USER_PATHS = NO;
				ASSETCATALOG_COMPILER_GENERATE_SWIFT_ASSET_SYMBOL_EXTENSIONS = YES;
				CLANG_ANALYZER_NONNULL = YES;
				CLANG_ANALYZER_NUMBER_OBJECT_CONVERSION = YES_AGGRESSIVE;
				CLANG_CXX_LANGUAGE_STANDARD = "gnu++20";
				CLANG_ENABLE_MODULES = YES;
				CLANG_ENABLE_OBJC_ARC = YES;
				CLANG_ENABLE_OBJC_WEAK = YES;
				CLANG_WARN_BLOCK_CAPTURE_AUTORELEASING = YES;
				CLANG_WARN_BOOL_CONVERSION = YES;
				CLANG_WARN_COMMA = YES;
				CLANG_WARN_CONSTANT_CONVERSION = YES;
				CLANG_WARN_DEPRECATED_OBJC_IMPLEMENTATIONS = YES;
				CLANG_WARN_DIRECT_OBJC_ISA_USAGE = YES_ERROR;
				CLANG_WARN_DOCUMENTATION_COMMENTS = YES;
				CLANG_WARN_EMPTY_BODY = YES;
				CLANG_WARN_ENUM_CONVERSION = YES;
				CLANG_WARN_INFINITE_RECURSION = YES;
				CLANG_WARN_INT_CONVERSION = YES;
				CLANG_WARN_NON_LITERAL_NULL_CONVERSION = YES;
				CLANG_WARN_OBJC_IMPLICIT_RETAIN_SELF = YES;
				CLANG_WARN_OBJC_LITERAL_CONVERSION = YES;
				CLANG_WARN_OBJC_ROOT_CLASS = YES_ERROR;
				CLANG_WARN_QUOTED_INCLUDE_IN_FRAMEWORK_HEADER = YES;
				CLANG_WARN_RANGE_LOOP_ANALYSIS = YES;
				CLANG_WARN_STRICT_PROTOTYPES = YES;
				CLANG_WARN_SUSPICIOUS_MOVE = YES;
				CLANG_WARN_UNGUARDED_AVAILABILITY = YES_AGGRESSIVE;
				CLANG_WARN_UNREACHABLE_CODE = YES;
				CLANG_WARN__DUPLICATE_METHOD_MATCH = YES;
				COPY_PHASE_STRIP = NO;
				DEBUG_INFORMATION_FORMAT = "dwarf-with-dsym";
				ENABLE_NS_ASSERTIONS = NO;
				ENABLE_STRICT_OBJC_MSGSEND = YES;
				ENABLE_USER_SCRIPT_SANDBOXING = YES;
				GCC_C_LANGUAGE_STANDARD = gnu17;
				GCC_NO_COMMON_BLOCKS = YES;
				GCC_WARN_64_TO_32_BIT_CONVERSION = YES;
				GCC_WARN_ABOUT_RETURN_TYPE = YES_ERROR;
				GCC_WARN_UNDECLARED_SELECTOR = YES;
				GCC_WARN_UNINITIALIZED_AUTOS = YES_AGGRESSIVE;
				GCC_WARN_UNUSED_FUNCTION = YES;
				GCC_WARN_UNUSED_VARIABLE = YES;
				IPHONEOS_DEPLOYMENT_TARGET = 17.4;
				LOCALIZATION_PREFERS_STRING_CATALOGS = YES;
				MTL_ENABLE_DEBUG_INFO = NO;
				MTL_FAST_MATH = YES;
				SDKROOT = iphoneos;
				SWIFT_COMPILATION_MODE = wholemodule;
				VALIDATE_PRODUCT = YES;
			};
			name = Release;
		};
		669150462C257C33002061CA /* Debug */ = {
			isa = XCBuildConfiguration;
			buildSettings = {
				ASSETCATALOG_COMPILER_APPICON_NAME = AppIcon;
				ASSETCATALOG_COMPILER_GLOBAL_ACCENT_COLOR_NAME = AccentColor;
				CODE_SIGN_IDENTITY = "Apple Development";
				CODE_SIGN_STYLE = Automatic;
				CURRENT_PROJECT_VERSION = 1;
				DEVELOPMENT_TEAM = J7US55UYJ3;
				GENERATE_INFOPLIST_FILE = YES;
				INFOPLIST_FILE = Voxel/Info.plist;
				INFOPLIST_KEY_UIApplicationSupportsIndirectInputEvents = YES;
				INFOPLIST_KEY_UILaunchStoryboardName = LaunchScreen;
				INFOPLIST_KEY_UISupportedInterfaceOrientations_iPad = "UIInterfaceOrientationPortrait UIInterfaceOrientationPortraitUpsideDown UIInterfaceOrientationLandscapeLeft UIInterfaceOrientationLandscapeRight";
				INFOPLIST_KEY_UISupportedInterfaceOrientations_iPhone = "UIInterfaceOrientationPortrait UIInterfaceOrientationLandscapeLeft UIInterfaceOrientationLandscapeRight";
				LD_RUNPATH_SEARCH_PATHS = (
					"$(inherited)",
					"@executable_path/Frameworks",
				);
				MARKETING_VERSION = 1.0;
				PRODUCT_BUNDLE_IDENTIFIER = com.piotrantkiewicz.Voxel;
				PRODUCT_NAME = "$(TARGET_NAME)";
				PROVISIONING_PROFILE_SPECIFIER = "";
				SWIFT_EMIT_LOC_STRINGS = YES;
				SWIFT_VERSION = 5.0;
				TARGETED_DEVICE_FAMILY = "1,2";
			};
			name = Debug;
		};
		669150472C257C33002061CA /* Release */ = {
			isa = XCBuildConfiguration;
			buildSettings = {
				ASSETCATALOG_COMPILER_APPICON_NAME = AppIcon;
				ASSETCATALOG_COMPILER_GLOBAL_ACCENT_COLOR_NAME = AccentColor;
				CODE_SIGN_IDENTITY = "Apple Development";
				CODE_SIGN_STYLE = Automatic;
				CURRENT_PROJECT_VERSION = 1;
				DEVELOPMENT_TEAM = J7US55UYJ3;
				GENERATE_INFOPLIST_FILE = YES;
				INFOPLIST_FILE = Voxel/Info.plist;
				INFOPLIST_KEY_UIApplicationSupportsIndirectInputEvents = YES;
				INFOPLIST_KEY_UILaunchStoryboardName = LaunchScreen;
				INFOPLIST_KEY_UISupportedInterfaceOrientations_iPad = "UIInterfaceOrientationPortrait UIInterfaceOrientationPortraitUpsideDown UIInterfaceOrientationLandscapeLeft UIInterfaceOrientationLandscapeRight";
				INFOPLIST_KEY_UISupportedInterfaceOrientations_iPhone = "UIInterfaceOrientationPortrait UIInterfaceOrientationLandscapeLeft UIInterfaceOrientationLandscapeRight";
				LD_RUNPATH_SEARCH_PATHS = (
					"$(inherited)",
					"@executable_path/Frameworks",
				);
				MARKETING_VERSION = 1.0;
				PRODUCT_BUNDLE_IDENTIFIER = com.piotrantkiewicz.Voxel;
				PRODUCT_NAME = "$(TARGET_NAME)";
				PROVISIONING_PROFILE_SPECIFIER = "";
				SWIFT_EMIT_LOC_STRINGS = YES;
				SWIFT_VERSION = 5.0;
				TARGETED_DEVICE_FAMILY = "1,2";
			};
			name = Release;
		};
		66B554CB2C49549A007ED570 /* Debug */ = {
			isa = XCBuildConfiguration;
			buildSettings = {
				BUNDLE_LOADER = "$(TEST_HOST)";
				CODE_SIGN_STYLE = Automatic;
				CURRENT_PROJECT_VERSION = 1;
				GENERATE_INFOPLIST_FILE = YES;
				MARKETING_VERSION = 1.0;
				PRODUCT_BUNDLE_IDENTIFIER = mobileappcoaching.com.VoxelTests;
				PRODUCT_NAME = "$(TARGET_NAME)";
				SWIFT_EMIT_LOC_STRINGS = NO;
				SWIFT_VERSION = 5.0;
				TARGETED_DEVICE_FAMILY = "1,2";
				TEST_HOST = "$(BUILT_PRODUCTS_DIR)/Voxel.app/$(BUNDLE_EXECUTABLE_FOLDER_PATH)/Voxel";
			};
			name = Debug;
		};
		66B554CC2C49549A007ED570 /* Release */ = {
			isa = XCBuildConfiguration;
			buildSettings = {
				BUNDLE_LOADER = "$(TEST_HOST)";
				CODE_SIGN_STYLE = Automatic;
				CURRENT_PROJECT_VERSION = 1;
				GENERATE_INFOPLIST_FILE = YES;
				MARKETING_VERSION = 1.0;
				PRODUCT_BUNDLE_IDENTIFIER = mobileappcoaching.com.VoxelTests;
				PRODUCT_NAME = "$(TARGET_NAME)";
				SWIFT_EMIT_LOC_STRINGS = NO;
				SWIFT_VERSION = 5.0;
				TARGETED_DEVICE_FAMILY = "1,2";
				TEST_HOST = "$(BUILT_PRODUCTS_DIR)/Voxel.app/$(BUNDLE_EXECUTABLE_FOLDER_PATH)/Voxel";
			};
			name = Release;
		};
/* End XCBuildConfiguration section */

/* Begin XCConfigurationList section */
		6691502C2C257C31002061CA /* Build configuration list for PBXProject "Voxel" */ = {
			isa = XCConfigurationList;
			buildConfigurations = (
				669150432C257C33002061CA /* Debug */,
				669150442C257C33002061CA /* Release */,
			);
			defaultConfigurationIsVisible = 0;
			defaultConfigurationName = Release;
		};
		669150452C257C33002061CA /* Build configuration list for PBXNativeTarget "Voxel" */ = {
			isa = XCConfigurationList;
			buildConfigurations = (
				669150462C257C33002061CA /* Debug */,
				669150472C257C33002061CA /* Release */,
			);
			defaultConfigurationIsVisible = 0;
			defaultConfigurationName = Release;
		};
		66B554CD2C49549A007ED570 /* Build configuration list for PBXNativeTarget "VoxelTests" */ = {
			isa = XCConfigurationList;
			buildConfigurations = (
				66B554CB2C49549A007ED570 /* Debug */,
				66B554CC2C49549A007ED570 /* Release */,
			);
			defaultConfigurationIsVisible = 0;
			defaultConfigurationName = Release;
		};
/* End XCConfigurationList section */

/* Begin XCRemoteSwiftPackageReference section */
		664E406A2C36DB630037110D /* XCRemoteSwiftPackageReference "Swinject" */ = {
			isa = XCRemoteSwiftPackageReference;
			repositoryURL = "https://github.com/Swinject/Swinject.git";
			requirement = {
				kind = upToNextMajorVersion;
				minimumVersion = 2.9.1;
			};
		};
		6691505C2C26C8CE002061CA /* XCRemoteSwiftPackageReference "firebase-ios-sdk" */ = {
			isa = XCRemoteSwiftPackageReference;
			repositoryURL = "https://github.com/firebase/firebase-ios-sdk";
			requirement = {
				kind = exactVersion;
				version = 10.28.0;
			};
		};
/* End XCRemoteSwiftPackageReference section */

/* Begin XCSwiftPackageProductDependency section */
		664E406B2C36DB630037110D /* Swinject */ = {
			isa = XCSwiftPackageProductDependency;
			package = 664E406A2C36DB630037110D /* XCRemoteSwiftPackageReference "Swinject" */;
			productName = Swinject;
		};
		664E406D2C36DB630037110D /* Swinject-Dynamic */ = {
			isa = XCSwiftPackageProductDependency;
			package = 664E406A2C36DB630037110D /* XCRemoteSwiftPackageReference "Swinject" */;
			productName = "Swinject-Dynamic";
		};
		6654F11A2C4FBA7A008562A3 /* VoxelContacts */ = {
			isa = XCSwiftPackageProductDependency;
			productName = VoxelContacts;
		};
		6655E1C02C305B7B00348862 /* VoxelSettings */ = {
			isa = XCSwiftPackageProductDependency;
			productName = VoxelSettings;
		};
		665665CE2C3003A4006FB1EA /* VoxelCore */ = {
			isa = XCSwiftPackageProductDependency;
			productName = VoxelCore;
		};
		6691504A2C25878B002061CA /* VoxelLogin */ = {
			isa = XCSwiftPackageProductDependency;
			productName = VoxelLogin;
		};
		669150562C25D625002061CA /* DesignSystem */ = {
			isa = XCSwiftPackageProductDependency;
			productName = DesignSystem;
		};
		6691505D2C26CA85002061CA /* FirebaseAuth */ = {
			isa = XCSwiftPackageProductDependency;
			package = 6691505C2C26C8CE002061CA /* XCRemoteSwiftPackageReference "firebase-ios-sdk" */;
			productName = FirebaseAuth;
		};
		AEC7CEC52C72565900F0E5B6 /* Swinject */ = {
			isa = XCSwiftPackageProductDependency;
			package = 664E406A2C36DB630037110D /* XCRemoteSwiftPackageReference "Swinject" */;
			productName = Swinject;
		};
/* End XCSwiftPackageProductDependency section */
	};
	rootObject = 669150292C257C31002061CA /* Project object */;
}
