// !$*UTF8*$!
{
	archiveVersion = 1;
	classes = {
	};
	objectVersion = 56;
	objects = {

/* Begin PBXBuildFile section */
		AE47AA8E2C3D9F1900704308 /* AppDelegate.swift in Sources */ = {isa = PBXBuildFile; fileRef = AE47AA8D2C3D9F1900704308 /* AppDelegate.swift */; };
		AE47AA902C3D9F1900704308 /* SceneDelegate.swift in Sources */ = {isa = PBXBuildFile; fileRef = AE47AA8F2C3D9F1900704308 /* SceneDelegate.swift */; };
		AE47AA972C3D9F1A00704308 /* Assets.xcassets in Resources */ = {isa = PBXBuildFile; fileRef = AE47AA962C3D9F1A00704308 /* Assets.xcassets */; };
		AE47AA9A2C3D9F1A00704308 /* Base in Resources */ = {isa = PBXBuildFile; fileRef = AE47AA992C3D9F1A00704308 /* Base */; };
		AE91345B2C4075F9009D8BF6 /* VoxelLogin in Frameworks */ = {isa = PBXBuildFile; productRef = AE91345A2C4075F9009D8BF6 /* VoxelLogin */; };
		AE91345F2C407D44009D8BF6 /* IBMPlexSerif-Bold.ttf in Resources */ = {isa = PBXBuildFile; fileRef = AE91345E2C407D44009D8BF6 /* IBMPlexSerif-Bold.ttf */; };
		AEA428D72C4567B800FA5165 /* IBMPlexSans-Bold.ttf in Resources */ = {isa = PBXBuildFile; fileRef = AEA428D62C4567B800FA5165 /* IBMPlexSans-Bold.ttf */; };
		AEA428DE2C45B3D300FA5165 /* DesignSystem in Frameworks */ = {isa = PBXBuildFile; productRef = AEA428DD2C45B3D300FA5165 /* DesignSystem */; };
		AEA428E02C45B3DE00FA5165 /* FirebaseAuth in Frameworks */ = {isa = PBXBuildFile; productRef = AEA428DF2C45B3DE00FA5165 /* FirebaseAuth */; };
		AEDEA5CD2C413EE000AAE70A /* IBMPlexSans-Regular.ttf in Resources */ = {isa = PBXBuildFile; fileRef = AEDEA5CC2C413EE000AAE70A /* IBMPlexSans-Regular.ttf */; };
		AEDEA5CF2C42811A00AAE70A /* IBMPlexSans-SemiBold.ttf in Resources */ = {isa = PBXBuildFile; fileRef = AEDEA5CE2C42811A00AAE70A /* IBMPlexSans-SemiBold.ttf */; };
/* End PBXBuildFile section */

/* Begin PBXFileReference section */
		AE47AA8A2C3D9F1900704308 /* Voxel.app */ = {isa = PBXFileReference; explicitFileType = wrapper.application; includeInIndex = 0; path = Voxel.app; sourceTree = BUILT_PRODUCTS_DIR; };
		AE47AA8D2C3D9F1900704308 /* AppDelegate.swift */ = {isa = PBXFileReference; lastKnownFileType = sourcecode.swift; path = AppDelegate.swift; sourceTree = "<group>"; };
		AE47AA8F2C3D9F1900704308 /* SceneDelegate.swift */ = {isa = PBXFileReference; lastKnownFileType = sourcecode.swift; path = SceneDelegate.swift; sourceTree = "<group>"; };
		AE47AA962C3D9F1A00704308 /* Assets.xcassets */ = {isa = PBXFileReference; lastKnownFileType = folder.assetcatalog; path = Assets.xcassets; sourceTree = "<group>"; };
		AE47AA992C3D9F1A00704308 /* Base */ = {isa = PBXFileReference; lastKnownFileType = file.storyboard; name = Base; path = Base.lproj/LaunchScreen.storyboard; sourceTree = "<group>"; };
		AE47AA9B2C3D9F1A00704308 /* Info.plist */ = {isa = PBXFileReference; lastKnownFileType = text.plist.xml; path = Info.plist; sourceTree = "<group>"; };
		AE77971E2C3E8DBE005D51B9 /* Modules */ = {isa = PBXFileReference; lastKnownFileType = wrapper; path = Modules; sourceTree = "<group>"; };
		AE91345E2C407D44009D8BF6 /* IBMPlexSerif-Bold.ttf */ = {isa = PBXFileReference; lastKnownFileType = file; path = "IBMPlexSerif-Bold.ttf"; sourceTree = "<group>"; };
		AEA428D62C4567B800FA5165 /* IBMPlexSans-Bold.ttf */ = {isa = PBXFileReference; lastKnownFileType = file; path = "IBMPlexSans-Bold.ttf"; sourceTree = "<group>"; };
		AEDEA5CC2C413EE000AAE70A /* IBMPlexSans-Regular.ttf */ = {isa = PBXFileReference; lastKnownFileType = file; path = "IBMPlexSans-Regular.ttf"; sourceTree = "<group>"; };
		AEDEA5CE2C42811A00AAE70A /* IBMPlexSans-SemiBold.ttf */ = {isa = PBXFileReference; lastKnownFileType = file; path = "IBMPlexSans-SemiBold.ttf"; sourceTree = "<group>"; };
/* End PBXFileReference section */

/* Begin PBXFrameworksBuildPhase section */
		AE47AA872C3D9F1900704308 /* Frameworks */ = {
			isa = PBXFrameworksBuildPhase;
			buildActionMask = 2147483647;
			files = (
				AE91345B2C4075F9009D8BF6 /* VoxelLogin in Frameworks */,
				AEA428E02C45B3DE00FA5165 /* FirebaseAuth in Frameworks */,
				AEA428DE2C45B3D300FA5165 /* DesignSystem in Frameworks */,
			);
			runOnlyForDeploymentPostprocessing = 0;
		};
/* End PBXFrameworksBuildPhase section */

/* Begin PBXGroup section */
		AE47AA812C3D9F1900704308 = {
			isa = PBXGroup;
			children = (
				AE77971E2C3E8DBE005D51B9 /* Modules */,
				AE47AA8C2C3D9F1900704308 /* Voxel */,
				AE47AA8B2C3D9F1900704308 /* Products */,
				AE9134592C4075F9009D8BF6 /* Frameworks */,
			);
			sourceTree = "<group>";
		};
		AE47AA8B2C3D9F1900704308 /* Products */ = {
			isa = PBXGroup;
			children = (
				AE47AA8A2C3D9F1900704308 /* Voxel.app */,
			);
			name = Products;
			sourceTree = "<group>";
		};
		AE47AA8C2C3D9F1900704308 /* Voxel */ = {
			isa = PBXGroup;
			children = (
				AE91345C2C407C27009D8BF6 /* Resources */,
				AE47AA8D2C3D9F1900704308 /* AppDelegate.swift */,
				AE47AA8F2C3D9F1900704308 /* SceneDelegate.swift */,
				AE47AA982C3D9F1A00704308 /* LaunchScreen.storyboard */,
				AE47AA9B2C3D9F1A00704308 /* Info.plist */,
			);
			path = Voxel;
			sourceTree = "<group>";
		};
		AE9134592C4075F9009D8BF6 /* Frameworks */ = {
			isa = PBXGroup;
			children = (
			);
			name = Frameworks;
			sourceTree = "<group>";
		};
		AE91345C2C407C27009D8BF6 /* Resources */ = {
			isa = PBXGroup;
			children = (
				AE91345D2C407C3C009D8BF6 /* Fonts */,
				AE47AA962C3D9F1A00704308 /* Assets.xcassets */,
			);
			path = Resources;
			sourceTree = "<group>";
		};
		AE91345D2C407C3C009D8BF6 /* Fonts */ = {
			isa = PBXGroup;
			children = (
				AEDEA5CE2C42811A00AAE70A /* IBMPlexSans-SemiBold.ttf */,
				AEA428D62C4567B800FA5165 /* IBMPlexSans-Bold.ttf */,
				AEDEA5CC2C413EE000AAE70A /* IBMPlexSans-Regular.ttf */,
				AE91345E2C407D44009D8BF6 /* IBMPlexSerif-Bold.ttf */,
			);
			path = Fonts;
			sourceTree = "<group>";
		};
/* End PBXGroup section */

/* Begin PBXNativeTarget section */
		AE47AA892C3D9F1900704308 /* Voxel */ = {
			isa = PBXNativeTarget;
			buildConfigurationList = AE47AA9E2C3D9F1A00704308 /* Build configuration list for PBXNativeTarget "Voxel" */;
			buildPhases = (
				AE47AA862C3D9F1900704308 /* Sources */,
				AE47AA872C3D9F1900704308 /* Frameworks */,
				AE47AA882C3D9F1900704308 /* Resources */,
			);
			buildRules = (
			);
			dependencies = (
			);
			name = Voxel;
			packageProductDependencies = (
				AE91345A2C4075F9009D8BF6 /* VoxelLogin */,
				AEA428DD2C45B3D300FA5165 /* DesignSystem */,
				AEA428DF2C45B3DE00FA5165 /* FirebaseAuth */,
			);
			productName = Voxel;
			productReference = AE47AA8A2C3D9F1900704308 /* Voxel.app */;
			productType = "com.apple.product-type.application";
		};
/* End PBXNativeTarget section */

/* Begin PBXProject section */
		AE47AA822C3D9F1900704308 /* Project object */ = {
			isa = PBXProject;
			attributes = {
				BuildIndependentTargetsInParallel = 1;
				LastSwiftUpdateCheck = 1530;
				LastUpgradeCheck = 1530;
				TargetAttributes = {
					AE47AA892C3D9F1900704308 = {
						CreatedOnToolsVersion = 15.3;
					};
				};
			};
			buildConfigurationList = AE47AA852C3D9F1900704308 /* Build configuration list for PBXProject "Voxel" */;
			compatibilityVersion = "Xcode 14.0";
			developmentRegion = en;
			hasScannedForEncodings = 0;
			knownRegions = (
				en,
				Base,
			);
			mainGroup = AE47AA812C3D9F1900704308;
			packageReferences = (
				AEA428DC2C45AAF500FA5165 /* XCRemoteSwiftPackageReference "firebase-ios-sdk" */,
			);
			productRefGroup = AE47AA8B2C3D9F1900704308 /* Products */;
			projectDirPath = "";
			projectRoot = "";
			targets = (
				AE47AA892C3D9F1900704308 /* Voxel */,
			);
		};
/* End PBXProject section */

/* Begin PBXResourcesBuildPhase section */
		AE47AA882C3D9F1900704308 /* Resources */ = {
			isa = PBXResourcesBuildPhase;
			buildActionMask = 2147483647;
			files = (
				AE47AA972C3D9F1A00704308 /* Assets.xcassets in Resources */,
				AEDEA5CD2C413EE000AAE70A /* IBMPlexSans-Regular.ttf in Resources */,
				AEA428D72C4567B800FA5165 /* IBMPlexSans-Bold.ttf in Resources */,
				AEDEA5CF2C42811A00AAE70A /* IBMPlexSans-SemiBold.ttf in Resources */,
				AE91345F2C407D44009D8BF6 /* IBMPlexSerif-Bold.ttf in Resources */,
				AE47AA9A2C3D9F1A00704308 /* Base in Resources */,
			);
			runOnlyForDeploymentPostprocessing = 0;
		};
/* End PBXResourcesBuildPhase section */

/* Begin PBXSourcesBuildPhase section */
		AE47AA862C3D9F1900704308 /* Sources */ = {
			isa = PBXSourcesBuildPhase;
			buildActionMask = 2147483647;
			files = (
				AE47AA8E2C3D9F1900704308 /* AppDelegate.swift in Sources */,
				AE47AA902C3D9F1900704308 /* SceneDelegate.swift in Sources */,
			);
			runOnlyForDeploymentPostprocessing = 0;
		};
/* End PBXSourcesBuildPhase section */

/* Begin PBXVariantGroup section */
		AE47AA982C3D9F1A00704308 /* LaunchScreen.storyboard */ = {
			isa = PBXVariantGroup;
			children = (
				AE47AA992C3D9F1A00704308 /* Base */,
			);
			name = LaunchScreen.storyboard;
			sourceTree = "<group>";
		};
/* End PBXVariantGroup section */

/* Begin XCBuildConfiguration section */
		AE47AA9C2C3D9F1A00704308 /* Debug */ = {
			isa = XCBuildConfiguration;
			buildSettings = {
				ALWAYS_SEARCH_USER_PATHS = NO;
				ASSETCATALOG_COMPILER_GENERATE_SWIFT_ASSET_SYMBOL_EXTENSIONS = YES;
				CLANG_ANALYZER_NONNULL = YES;
				CLANG_ANALYZER_NUMBER_OBJECT_CONVERSION = YES_AGGRESSIVE;
				CLANG_CXX_LANGUAGE_STANDARD = "gnu++20";
				CLANG_ENABLE_MODULES = YES;
				CLANG_ENABLE_OBJC_ARC = YES;
				CLANG_ENABLE_OBJC_WEAK = YES;
				CLANG_WARN_BLOCK_CAPTURE_AUTORELEASING = YES;
				CLANG_WARN_BOOL_CONVERSION = YES;
				CLANG_WARN_COMMA = YES;
				CLANG_WARN_CONSTANT_CONVERSION = YES;
				CLANG_WARN_DEPRECATED_OBJC_IMPLEMENTATIONS = YES;
				CLANG_WARN_DIRECT_OBJC_ISA_USAGE = YES_ERROR;
				CLANG_WARN_DOCUMENTATION_COMMENTS = YES;
				CLANG_WARN_EMPTY_BODY = YES;
				CLANG_WARN_ENUM_CONVERSION = YES;
				CLANG_WARN_INFINITE_RECURSION = YES;
				CLANG_WARN_INT_CONVERSION = YES;
				CLANG_WARN_NON_LITERAL_NULL_CONVERSION = YES;
				CLANG_WARN_OBJC_IMPLICIT_RETAIN_SELF = YES;
				CLANG_WARN_OBJC_LITERAL_CONVERSION = YES;
				CLANG_WARN_OBJC_ROOT_CLASS = YES_ERROR;
				CLANG_WARN_QUOTED_INCLUDE_IN_FRAMEWORK_HEADER = YES;
				CLANG_WARN_RANGE_LOOP_ANALYSIS = YES;
				CLANG_WARN_STRICT_PROTOTYPES = YES;
				CLANG_WARN_SUSPICIOUS_MOVE = YES;
				CLANG_WARN_UNGUARDED_AVAILABILITY = YES_AGGRESSIVE;
				CLANG_WARN_UNREACHABLE_CODE = YES;
				CLANG_WARN__DUPLICATE_METHOD_MATCH = YES;
				COPY_PHASE_STRIP = NO;
				DEBUG_INFORMATION_FORMAT = dwarf;
				ENABLE_STRICT_OBJC_MSGSEND = YES;
				ENABLE_TESTABILITY = YES;
				ENABLE_USER_SCRIPT_SANDBOXING = YES;
				GCC_C_LANGUAGE_STANDARD = gnu17;
				GCC_DYNAMIC_NO_PIC = NO;
				GCC_NO_COMMON_BLOCKS = YES;
				GCC_OPTIMIZATION_LEVEL = 0;
				GCC_PREPROCESSOR_DEFINITIONS = (
					"DEBUG=1",
					"$(inherited)",
				);
				GCC_WARN_64_TO_32_BIT_CONVERSION = YES;
				GCC_WARN_ABOUT_RETURN_TYPE = YES_ERROR;
				GCC_WARN_UNDECLARED_SELECTOR = YES;
				GCC_WARN_UNINITIALIZED_AUTOS = YES_AGGRESSIVE;
				GCC_WARN_UNUSED_FUNCTION = YES;
				GCC_WARN_UNUSED_VARIABLE = YES;
				IPHONEOS_DEPLOYMENT_TARGET = 17.4;
				LOCALIZATION_PREFERS_STRING_CATALOGS = YES;
				MTL_ENABLE_DEBUG_INFO = INCLUDE_SOURCE;
				MTL_FAST_MATH = YES;
				ONLY_ACTIVE_ARCH = YES;
				SDKROOT = iphoneos;
				SWIFT_ACTIVE_COMPILATION_CONDITIONS = "DEBUG $(inherited)";
				SWIFT_OPTIMIZATION_LEVEL = "-Onone";
			};
			name = Debug;
		};
		AE47AA9D2C3D9F1A00704308 /* Release */ = {
			isa = XCBuildConfiguration;
			buildSettings = {
				ALWAYS_SEARCH_USER_PATHS = NO;
				ASSETCATALOG_COMPILER_GENERATE_SWIFT_ASSET_SYMBOL_EXTENSIONS = YES;
				CLANG_ANALYZER_NONNULL = YES;
				CLANG_ANALYZER_NUMBER_OBJECT_CONVERSION = YES_AGGRESSIVE;
				CLANG_CXX_LANGUAGE_STANDARD = "gnu++20";
				CLANG_ENABLE_MODULES = YES;
				CLANG_ENABLE_OBJC_ARC = YES;
				CLANG_ENABLE_OBJC_WEAK = YES;
				CLANG_WARN_BLOCK_CAPTURE_AUTORELEASING = YES;
				CLANG_WARN_BOOL_CONVERSION = YES;
				CLANG_WARN_COMMA = YES;
				CLANG_WARN_CONSTANT_CONVERSION = YES;
				CLANG_WARN_DEPRECATED_OBJC_IMPLEMENTATIONS = YES;
				CLANG_WARN_DIRECT_OBJC_ISA_USAGE = YES_ERROR;
				CLANG_WARN_DOCUMENTATION_COMMENTS = YES;
				CLANG_WARN_EMPTY_BODY = YES;
				CLANG_WARN_ENUM_CONVERSION = YES;
				CLANG_WARN_INFINITE_RECURSION = YES;
				CLANG_WARN_INT_CONVERSION = YES;
				CLANG_WARN_NON_LITERAL_NULL_CONVERSION = YES;
				CLANG_WARN_OBJC_IMPLICIT_RETAIN_SELF = YES;
				CLANG_WARN_OBJC_LITERAL_CONVERSION = YES;
				CLANG_WARN_OBJC_ROOT_CLASS = YES_ERROR;
				CLANG_WARN_QUOTED_INCLUDE_IN_FRAMEWORK_HEADER = YES;
				CLANG_WARN_RANGE_LOOP_ANALYSIS = YES;
				CLANG_WARN_STRICT_PROTOTYPES = YES;
				CLANG_WARN_SUSPICIOUS_MOVE = YES;
				CLANG_WARN_UNGUARDED_AVAILABILITY = YES_AGGRESSIVE;
				CLANG_WARN_UNREACHABLE_CODE = YES;
				CLANG_WARN__DUPLICATE_METHOD_MATCH = YES;
				COPY_PHASE_STRIP = NO;
				DEBUG_INFORMATION_FORMAT = "dwarf-with-dsym";
				ENABLE_NS_ASSERTIONS = NO;
				ENABLE_STRICT_OBJC_MSGSEND = YES;
				ENABLE_USER_SCRIPT_SANDBOXING = YES;
				GCC_C_LANGUAGE_STANDARD = gnu17;
				GCC_NO_COMMON_BLOCKS = YES;
				GCC_WARN_64_TO_32_BIT_CONVERSION = YES;
				GCC_WARN_ABOUT_RETURN_TYPE = YES_ERROR;
				GCC_WARN_UNDECLARED_SELECTOR = YES;
				GCC_WARN_UNINITIALIZED_AUTOS = YES_AGGRESSIVE;
				GCC_WARN_UNUSED_FUNCTION = YES;
				GCC_WARN_UNUSED_VARIABLE = YES;
				IPHONEOS_DEPLOYMENT_TARGET = 17.4;
				LOCALIZATION_PREFERS_STRING_CATALOGS = YES;
				MTL_ENABLE_DEBUG_INFO = NO;
				MTL_FAST_MATH = YES;
				SDKROOT = iphoneos;
				SWIFT_COMPILATION_MODE = wholemodule;
				VALIDATE_PRODUCT = YES;
			};
			name = Release;
		};
		AE47AA9F2C3D9F1A00704308 /* Debug */ = {
			isa = XCBuildConfiguration;
			buildSettings = {
				ASSETCATALOG_COMPILER_APPICON_NAME = AppIcon;
				ASSETCATALOG_COMPILER_GLOBAL_ACCENT_COLOR_NAME = AccentColor;
				CODE_SIGN_STYLE = Automatic;
				CURRENT_PROJECT_VERSION = 1;
				DEVELOPMENT_TEAM = J7US55UYJ3;
				GENERATE_INFOPLIST_FILE = YES;
				INFOPLIST_FILE = Voxel/Info.plist;
				INFOPLIST_KEY_UIApplicationSupportsIndirectInputEvents = YES;
				INFOPLIST_KEY_UILaunchStoryboardName = LaunchScreen;
				INFOPLIST_KEY_UISupportedInterfaceOrientations_iPad = "UIInterfaceOrientationPortrait UIInterfaceOrientationPortraitUpsideDown UIInterfaceOrientationLandscapeLeft UIInterfaceOrientationLandscapeRight";
				INFOPLIST_KEY_UISupportedInterfaceOrientations_iPhone = "UIInterfaceOrientationPortrait UIInterfaceOrientationLandscapeLeft UIInterfaceOrientationLandscapeRight";
				LD_RUNPATH_SEARCH_PATHS = (
					"$(inherited)",
					"@executable_path/Frameworks",
				);
				MARKETING_VERSION = 1.0;
				PRODUCT_BUNDLE_IDENTIFIER = com.piotrantkiewicz.Voxel;
				PRODUCT_NAME = "$(TARGET_NAME)";
				SWIFT_EMIT_LOC_STRINGS = YES;
				SWIFT_VERSION = 5.0;
				TARGETED_DEVICE_FAMILY = "1,2";
			};
			name = Debug;
		};
		AE47AAA02C3D9F1A00704308 /* Release */ = {
			isa = XCBuildConfiguration;
			buildSettings = {
				ASSETCATALOG_COMPILER_APPICON_NAME = AppIcon;
				ASSETCATALOG_COMPILER_GLOBAL_ACCENT_COLOR_NAME = AccentColor;
				CODE_SIGN_STYLE = Automatic;
				CURRENT_PROJECT_VERSION = 1;
				DEVELOPMENT_TEAM = J7US55UYJ3;
				GENERATE_INFOPLIST_FILE = YES;
				INFOPLIST_FILE = Voxel/Info.plist;
				INFOPLIST_KEY_UIApplicationSupportsIndirectInputEvents = YES;
				INFOPLIST_KEY_UILaunchStoryboardName = LaunchScreen;
				INFOPLIST_KEY_UISupportedInterfaceOrientations_iPad = "UIInterfaceOrientationPortrait UIInterfaceOrientationPortraitUpsideDown UIInterfaceOrientationLandscapeLeft UIInterfaceOrientationLandscapeRight";
				INFOPLIST_KEY_UISupportedInterfaceOrientations_iPhone = "UIInterfaceOrientationPortrait UIInterfaceOrientationLandscapeLeft UIInterfaceOrientationLandscapeRight";
				LD_RUNPATH_SEARCH_PATHS = (
					"$(inherited)",
					"@executable_path/Frameworks",
				);
				MARKETING_VERSION = 1.0;
				PRODUCT_BUNDLE_IDENTIFIER = com.piotrantkiewicz.Voxel;
				PRODUCT_NAME = "$(TARGET_NAME)";
				SWIFT_EMIT_LOC_STRINGS = YES;
				SWIFT_VERSION = 5.0;
				TARGETED_DEVICE_FAMILY = "1,2";
			};
			name = Release;
		};
/* End XCBuildConfiguration section */

/* Begin XCConfigurationList section */
		AE47AA852C3D9F1900704308 /* Build configuration list for PBXProject "Voxel" */ = {
			isa = XCConfigurationList;
			buildConfigurations = (
				AE47AA9C2C3D9F1A00704308 /* Debug */,
				AE47AA9D2C3D9F1A00704308 /* Release */,
			);
			defaultConfigurationIsVisible = 0;
			defaultConfigurationName = Release;
		};
		AE47AA9E2C3D9F1A00704308 /* Build configuration list for PBXNativeTarget "Voxel" */ = {
			isa = XCConfigurationList;
			buildConfigurations = (
				AE47AA9F2C3D9F1A00704308 /* Debug */,
				AE47AAA02C3D9F1A00704308 /* Release */,
			);
			defaultConfigurationIsVisible = 0;
			defaultConfigurationName = Release;
		};
/* End XCConfigurationList section */

/* Begin XCRemoteSwiftPackageReference section */
		AEA428DC2C45AAF500FA5165 /* XCRemoteSwiftPackageReference "firebase-ios-sdk" */ = {
			isa = XCRemoteSwiftPackageReference;
			repositoryURL = "https://github.com/firebase/firebase-ios-sdk";
			requirement = {
				kind = exactVersion;
				version = 10.29.0;
			};
		};
/* End XCRemoteSwiftPackageReference section */

/* Begin XCSwiftPackageProductDependency section */
		AE91345A2C4075F9009D8BF6 /* VoxelLogin */ = {
			isa = XCSwiftPackageProductDependency;
			productName = VoxelLogin;
		};
		AEA428DD2C45B3D300FA5165 /* DesignSystem */ = {
			isa = XCSwiftPackageProductDependency;
			productName = DesignSystem;
		};
		AEA428DF2C45B3DE00FA5165 /* FirebaseAuth */ = {
			isa = XCSwiftPackageProductDependency;
			package = AEA428DC2C45AAF500FA5165 /* XCRemoteSwiftPackageReference "firebase-ios-sdk" */;
			productName = FirebaseAuth;
		};
/* End XCSwiftPackageProductDependency section */
	};
	rootObject = AE47AA822C3D9F1900704308 /* Project object */;
}
